
Microsoft Visual Studio Solution File, Format Version 12.00
# Visual Studio Version 17
VisualStudioVersion = 17.0.31903.59
MinimumVisualStudioVersion = 10.0.40219.1
Project("{2150E333-8FDC-42A3-9474-1A3956D46DE8}") = "src", "src", "{A7F6784C-1E7F-4C20-A185-3E6453CD98D3}"
EndProject
Project("{FAE04EC0-301F-11D3-BF4B-00C04F79EFBC}") = "MySpot.Api", "src\MySpot.Api\MySpot.Api.csproj", "{BA710A44-E030-456A-A30A-5C5AF98C89CE}"
EndProject
Project("{FAE04EC0-301F-11D3-BF4B-00C04F79EFBC}") = "MySpot.Tests.Unit", "tests\MySpot.Tests.Unit\MySpot.Tests.Unit.csproj", "{AC7E540D-03EA-4CA3-910A-CBDC780C3B84}"
EndProject
Global
	GlobalSection(SolutionConfigurationPlatforms) = preSolution
		Debug|Any CPU = Debug|Any CPU
		Release|Any CPU = Release|Any CPU
	EndGlobalSection
	GlobalSection(SolutionProperties) = preSolution
		HideSolutionNode = FALSE
	EndGlobalSection
	GlobalSection(ProjectConfigurationPlatforms) = postSolution
		{BA710A44-E030-456A-A30A-5C5AF98C89CE}.Debug|Any CPU.ActiveCfg = Debug|Any CPU
		{BA710A44-E030-456A-A30A-5C5AF98C89CE}.Debug|Any CPU.Build.0 = Debug|Any CPU
		{BA710A44-E030-456A-A30A-5C5AF98C89CE}.Release|Any CPU.ActiveCfg = Release|Any CPU
		{BA710A44-E030-456A-A30A-5C5AF98C89CE}.Release|Any CPU.Build.0 = Release|Any CPU
		{AC7E540D-03EA-4CA3-910A-CBDC780C3B84}.Debug|Any CPU.ActiveCfg = Debug|Any CPU
		{AC7E540D-03EA-4CA3-910A-CBDC780C3B84}.Debug|Any CPU.Build.0 = Debug|Any CPU
		{AC7E540D-03EA-4CA3-910A-CBDC780C3B84}.Release|Any CPU.ActiveCfg = Release|Any CPU
		{AC7E540D-03EA-4CA3-910A-CBDC780C3B84}.Release|Any CPU.Build.0 = Release|Any CPU
	EndGlobalSection
	GlobalSection(NestedProjects) = preSolution
		{BA710A44-E030-456A-A30A-5C5AF98C89CE} = {A7F6784C-1E7F-4C20-A185-3E6453CD98D3}
	EndGlobalSection
EndGlobal
